hash: 58c9193dccd462f4832a20a05cd19cd5e294a36bc9851df50bfcfa7882e18c73
updated: 2016-06-13T16:07:22.440399595-07:00
imports:
- name: github.com/AlekSi/reflector
  version: d7aee842efa4a4d10cd04b8cb3fdd65808ebc093
- name: github.com/DATA-DOG/go-sqlmock
  version: febff80c09712044459f72847e56aaa69c9dad3b
  repo: https://github.com/DATA-DOG/go-sqlmock
  vcs: git
- name: github.com/go-sql-driver/mysql
  version: 3654d25ec346ee8ce71a68431025458d52a38ac0
  repo: https://github.com/go-sql-driver/mysql
  vcs: git
- name: github.com/gocraft/dbr
  version: 78b5b74da0b8bcbe167cc4c55d3383b6893848c3
  subpackages:
  - dialect
- name: github.com/kisielk/sqlstruct
  version: 648daed35d49dac24a4bff253b190a80da3ab6a5
- name: github.com/smartystreets/assertions
  version: 40711f7748186bbf9c99977cd89f21ce1a229447
- name: github.com/smartystreets/goconvey
  version: c53abc99456fa3402dd33c15ee51c3e545e04a3f
- name: gopkg.in/guregu/null.v3
  version: 41961cea0328defc5f95c1c473f89ebf0d1813f6
devImports: []
