hash: 58c9193dccd462f4832a20a05cd19cd5e294a36bc9851df50bfcfa7882e18c73
updated: 2016-03-10T16:00:33.326120604-08:00
imports:
- name: github.com/AlekSi/reflector
  version: d7aee842efa4a4d10cd04b8cb3fdd65808ebc093
- name: github.com/DATA-DOG/go-sqlmock
  version: febff80c09712044459f72847e56aaa69c9dad3b
  repo: https://github.com/DATA-DOG/go-sqlmock
  vcs: git
- name: github.com/go-sql-driver/mysql
  version: 66312f7fe2678aa0f5ec770f96702f4c4ec5aa8e
  repo: https://github.com/go-sql-driver/mysql
  vcs: git
- name: github.com/gocraft/dbr
  version: 3f9c5fed829fa517ce584d4450d8cccfbb822afa
  subpackages:
  - dialect
- name: github.com/jtolds/gls
  version: 8ddce2a84170772b95dd5d576c48d517b22cac63
- name: github.com/kisielk/sqlstruct
  version: 648daed35d49dac24a4bff253b190a80da3ab6a5
- name: github.com/smartystreets/assertions
  version: e9a2f6771d97c709b2f7609fdf89ebde8b64c926
  subpackages:
  - internal/go-render/render
  - internal/oglematchers
  - internal/oglemock/generate
  - internal/ogletest/srcutil
  - internal/reqtrace
  - internal/ogletest/test_cases/mock_image
- name: github.com/smartystreets/goconvey
  version: 99f2b1e01343c8bc2d9d12f1194d2d68ce18b063
  subpackages:
  - web/server/api
  - web/server/contract
  - web/server/executor
  - web/server/messaging
  - web/server/parser
  - web/server/system
  - web/server/watch
  - convey/reporting
- name: golang.org/x/net
  version: e7da8edaa52631091740908acaf2c2d4c9b3ce90
  subpackages:
  - context
- name: gopkg.in/guregu/null.v3
  version: 41961cea0328defc5f95c1c473f89ebf0d1813f6
devImports: []
